{
  "sources": {
    "ktc-database": {
      "path": "."
    },
    "galera": {
      "locked_version": "0.4.1",
      "git": "git://github.com/cloudware-cookbooks/galera.git",
      "ref": "23255a76218f2069ff85d48ddc8eb8971dd07ba0"
    },
    "ktc-etcd": {
      "locked_version": "1.1.4",
      "git": "git://github.com/cloudware-cookbooks/ktc-etcd.git",
      "ref": "85ff6bf8451dec06dae181edecb594e0a85c4df3"
    },
    "ktc-utils": {
      "locked_version": "0.3.2",
      "git": "git://github.com/cloudware-cookbooks/ktc-utils.git",
      "ref": "2ee6a15c28bd23ae7eff809060374e9d7412c733"
    },
    "openstack-block-storage": {
      "locked_version": "7.0.3",
      "git": "git://github.com/stackforge/cookbook-openstack-block-storage.git",
      "ref": "bc00347db1b4e12caca5ccb21b1ec93237637d5c"
    },
    "openstack-common": {
      "locked_version": "0.4.3",
      "git": "git://github.com/stackforge/cookbook-openstack-common.git",
      "ref": "eb5eed7126b6a6efbaf803e8a594d610cf661e97"
    },
    "openstack-compute": {
      "locked_version": "7.0.0",
      "git": "git://github.com/stackforge/cookbook-openstack-compute.git",
      "ref": "2dd5a554dee644621551417906dec098c1f7f70f"
    },
    "openstack-dashboard": {
      "locked_version": "7.0.0",
      "git": "git://github.com/stackforge/cookbook-openstack-dashboard.git",
      "ref": "89009e26a415137b808140b59d6915f6e97b39e3"
    },
    "openstack-identity": {
      "locked_version": "7.0.0",
      "git": "git://github.com/stackforge/cookbook-openstack-identity.git",
      "ref": "f276a92eac9a781845147b0af71d627a60b75da6"
    },
    "openstack-image": {
      "locked_version": "7.0.0",
      "git": "git://github.com/stackforge/cookbook-openstack-image.git",
      "ref": "b42df8e3bcbec626d0691f7c84c9166c7d2c890c"
    },
    "openstack-metering": {
      "locked_version": "7.0.4",
      "git": "git://github.com/stackforge/cookbook-openstack-metering.git",
      "ref": "6ba0451ca2c66562fe6c40db053312c05ef03b15"
    },
    "openstack-network": {
      "locked_version": "7.0.0",
      "git": "git://github.com/stackforge/cookbook-openstack-network.git",
      "ref": "e3486bc67ba96e9fc260aabc2fda3712c55e591e"
    },
    "openstack-ops-database": {
      "locked_version": "7.0.0",
      "git": "git://github.com/stackforge/cookbook-openstack-ops-database.git",
      "ref": "cf8e48039bef2a6ff3a8215cd5a79d8193d6cefd"
    },
    "services": {
      "locked_version": "1.0.9",
      "git": "git://github.com/spheromak/services-cookbook.git",
      "ref": "02c892eea3896a532394af24f3ab1f146a3f4a16"
    },
    "yum": {
      "locked_version": "2.3.1",
      "git": "git://github.com/spheromak/yum.git",
      "ref": "8c3b6099c45b7f522b96f1a417e9bb9fa3d65b5b"
    },
    "curl": {
      "locked_version": "1.1.0"
    },
    "ubuntu": {
      "locked_version": "1.1.2"
    },
    "simple_iptables": {
      "locked_version": "0.3.0"
    },
    "etcd": {
      "locked_version": "1.2.4"
    },
    "ark": {
      "locked_version": "0.3.2"
    },
    "partial_search": {
      "locked_version": "1.0.2"
    },
    "apt": {
      "locked_version": "2.1.1"
    },
    "selinux": {
      "locked_version": "0.5.6"
    },
    "python": {
      "locked_version": "1.4.0"
    },
    "build-essential": {
      "locked_version": "1.4.2"
    },
    "database": {
      "locked_version": "1.4.0"
    },
    "mysql": {
      "locked_version": "3.0.4"
    },
    "openssl": {
      "locked_version": "1.1.0"
    },
    "postgresql": {
      "locked_version": "3.0.4"
    },
    "aws": {
      "locked_version": "0.101.4"
    },
    "xfs": {
      "locked_version": "1.1.0"
    },
    "sysctl": {
      "locked_version": "0.3.3"
    },
    "apache2": {
      "locked_version": "1.7.0"
    }
  }
}
