{
  "sources": {
    "ktc-database": {
      "path": "."
    },
    "galera": {
      "locked_version": "0.4.1",
      "git": "git://github.com/cloudware-cookbooks/galera.git",
      "ref": "23255a76218f2069ff85d48ddc8eb8971dd07ba0"
    },
    "ktc-etcd": {
      "locked_version": "1.1.4",
      "git": "git://github.com/cloudware-cookbooks/ktc-etcd.git",
      "ref": "8316d0060f4894055846f101535e547d482d613e"
    },
    "ktc-utils": {
      "locked_version": "0.3.3",
      "git": "git://github.com/cloudware-cookbooks/ktc-utils.git",
      "ref": "7db4656c85c5aaa9cde1b40288a6919014226338"
    },
    "openstack-block-storage": {
      "locked_version": "7.0.3",
      "git": "git://github.com/stackforge/cookbook-openstack-block-storage.git",
      "ref": "bc00347db1b4e12caca5ccb21b1ec93237637d5c"
    },
    "openstack-common": {
      "locked_version": "0.4.3",
      "git": "git://github.com/stackforge/cookbook-openstack-common.git",
      "ref": "eb5eed7126b6a6efbaf803e8a594d610cf661e97"
    },
    "openstack-compute": {
      "locked_version": "7.0.0",
      "git": "git://github.com/stackforge/cookbook-openstack-compute.git",
      "ref": "aa42f5c09a445cde7267e4b4d00a6ce893aa481e"
    },
    "openstack-dashboard": {
      "locked_version": "7.0.0",
      "git": "git://github.com/stackforge/cookbook-openstack-dashboard.git",
      "ref": "e2012544fdacac355a713e548cbe1f60c7aed887"
    },
    "openstack-identity": {
      "locked_version": "7.0.0",
      "git": "git://github.com/stackforge/cookbook-openstack-identity.git",
      "ref": "2e6b8b9c6788ae28fbc362c77c53a51c040b49a6"
    },
    "openstack-image": {
      "locked_version": "7.0.0",
      "git": "git://github.com/stackforge/cookbook-openstack-image.git",
      "ref": "5a272d21494c012aa6ab8a29d536fcb39b11f7d5"
    },
    "openstack-metering": {
      "locked_version": "7.0.4",
      "git": "git://github.com/stackforge/cookbook-openstack-metering.git",
      "ref": "6ba0451ca2c66562fe6c40db053312c05ef03b15"
    },
    "openstack-network": {
      "locked_version": "7.0.3",
      "git": "git://github.com/stackforge/cookbook-openstack-network.git",
      "ref": "b2b237a78c755492b9e51110704da900257a666d"
    },
    "openstack-ops-database": {
      "locked_version": "7.0.0",
      "git": "git://github.com/stackforge/cookbook-openstack-ops-database.git",
      "ref": "cf8e48039bef2a6ff3a8215cd5a79d8193d6cefd"
    },
    "services": {
      "locked_version": "1.1.1",
      "git": "git://github.com/spheromak/services-cookbook.git",
      "ref": "29c849ee1842aae0989b5f5f58b9f75c71620ab0"
    },
    "yum": {
      "locked_version": "2.3.1",
      "git": "git://github.com/spheromak/yum.git",
      "ref": "8c3b6099c45b7f522b96f1a417e9bb9fa3d65b5b"
    },
    "curl": {
      "locked_version": "1.1.0"
    },
    "ubuntu": {
      "locked_version": "1.1.2"
    },
    "simple_iptables": {
      "locked_version": "0.3.0"
    },
    "etcd": {
      "locked_version": "1.2.4"
    },
    "ark": {
      "locked_version": "0.4.0"
    },
    "partial_search": {
      "locked_version": "1.0.6"
    },
    "apt": {
      "locked_version": "2.2.0"
    },
    "selinux": {
      "locked_version": "0.5.6"
    },
    "python": {
      "locked_version": "1.4.0"
    },
    "build-essential": {
      "locked_version": "1.4.2"
    },
    "database": {
      "locked_version": "1.5.0"
    },
    "mysql": {
      "locked_version": "3.0.10"
    },
    "openssl": {
      "locked_version": "1.1.0"
    },
    "postgresql": {
      "locked_version": "3.0.4"
    },
    "aws": {
      "locked_version": "0.101.6"
    },
    "xfs": {
      "locked_version": "1.1.0"
    },
    "sysctl": {
      "locked_version": "0.3.3"
    },
    "apache2": {
      "locked_version": "1.7.0"
    }
  }
}
